{
  "name": "test-runtime",
  "lockfileVersion": 3,
  "requires": true,
  "packages": {
    "": {
      "dependencies": {
        "@ruby/3.2-wasm-wasi": "^2.10.1"
      }
    },
    "node_modules/@bjorn3/browser_wasi_shim": {
      "version": "0.4.2",
      "resolved": "https://registry.npmjs.org/@bjorn3/browser_wasi_shim/-/browser_wasi_shim-0.4.2.tgz",
      "integrity": "sha512-/iHkCVUG3VbcbmEHn5iIUpIrh7a7WPiwZ3sHy4HZKZzBdSadwdddYDZAII2zBvQYV0Lfi8naZngPCN7WPHI/hA==",
      "license": "MIT OR Apache-2.0"
    },
    "node_modules/@ruby/3.2-wasm-wasi": {
      "version": "2.10.1",
      "resolved": "https://registry.npmjs.org/@ruby/3.2-wasm-wasi/-/3.2-wasm-wasi-2.10.1.tgz",
      "integrity": "sha512-biSN8Ar3Rw4ERzESnAa/VFnoJiJmwgU9Gqj+dXXAffM5Uqft+slS4ndtS3DMgOzkcVLCaPxtDbshsQVHyIvBqQ==",
      "license": "MIT",
      "dependencies": {
        "@ruby/wasm-wasi": "^2.0.0"
      }
    },
    "node_modules/@ruby/wasm-wasi": {
      "version": "2.10.1",
      "resolved": "https://registry.npmjs.org/@ruby/wasm-wasi/-/wasm-wasi-2.10.1.tgz",
      "integrity": "sha512-OGSxxDraRq8alWQsWqDJQsaAavQwhwIVRkDozpPucjD1tUofMF6n99Y8Ia1bpDhOAXCwiNIHqhumfqFw0H0DZw==",
      "license": "MIT",
      "dependencies": {
        "@bjorn3/browser_wasi_shim": "^0.4.2",
        "tslib": "^2.8.1"
      }
    },
    "node_modules/tslib": {
      "version": "2.8.1",
      "resolved": "https://registry.npmjs.org/tslib/-/tslib-2.8.1.tgz",
      "integrity": "sha512-oJFu94HQb+KVduSUQL7wnpmqnfmLsOA/nAh6b6EH0wCEoK0/mPeXU6c3wKDV83MkOuHPRHtSXKKU99IBazS/2w==",
      "license": "0BSD"
    }
  }
}
